# This file is automatically @generated by Cargo.
# It is not intended for manual editing.
version = 3

[[package]]
name = "blastf_ast"
version = "0.1.0"

[[package]]
name = "blastf_hmasm"
version = "0.1.0"
dependencies = [
 "blastf_name",
]

[[package]]
name = "blastf_name"
version = "0.1.0"

[[package]]
name = "blastfurnace-workspaces"
version = "0.1.0"
